# THIS IS AN AUTOGENERATED FILE. DO NOT EDIT THIS FILE DIRECTLY.
# yarn lockfile v1


dgram@^1.0.1:
  version "1.0.1"
  resolved "https://registry.yarnpkg.com/dgram/-/dgram-1.0.1.tgz#37f3b200f8033a5ff759303089c81ce361b651c3"
  integrity sha1-N/OyAPgDOl/3WTAwicgc42G2UcM=

net@^1.0.2:
  version "1.0.2"
  resolved "https://registry.yarnpkg.com/net/-/net-1.0.2.tgz#d1757ec9a7fb2371d83cf4755ce3e27e10829388"
  integrity sha1-0XV+yaf7I3HYPPR1XOPifhCCk4g=
